
Microsoft Visual Studio Solution File, Format Version 12.00
# Visual Studio Version 16
VisualStudioVersion = 16.0.30523.141
MinimumVisualStudioVersion = 10.0.40219.1
Project("{FAE04EC0-301F-11D3-BF4B-00C04F79EFBC}") = "Lab_13", "Lab_13\Lab_13.csproj", "{1285E553-D8C1-4755-BBFC-F47E63AD601D}"
EndProject
Global
	GlobalSection(SolutionConfigurationPlatforms) = preSolution
		Debug|Any CPU = Debug|Any CPU
		Release|Any CPU = Release|Any CPU
	EndGlobalSection
	GlobalSection(ProjectConfigurationPlatforms) = postSolution
		{1285E553-D8C1-4755-BBFC-F47E63AD601D}.Debug|Any CPU.ActiveCfg = Debug|Any CPU
		{1285E553-D8C1-4755-BBFC-F47E63AD601D}.Debug|Any CPU.Build.0 = Debug|Any CPU
		{1285E553-D8C1-4755-BBFC-F47E63AD601D}.Release|Any CPU.ActiveCfg = Release|Any CPU
		{1285E553-D8C1-4755-BBFC-F47E63AD601D}.Release|Any CPU.Build.0 = Release|Any CPU
	EndGlobalSection
	GlobalSection(SolutionProperties) = preSolution
		HideSolutionNode = FALSE
	EndGlobalSection
	GlobalSection(ExtensibilityGlobals) = postSolution
		SolutionGuid = {1E6F9967-EC08-4EAE-90C5-7828E84DE9E6}
	EndGlobalSection
EndGlobal
