
Microsoft Visual Studio Solution File, Format Version 12.00
# Visual Studio Version 16
VisualStudioVersion = 16.0.810.11
MinimumVisualStudioVersion = 10.0.40219.1
Project("{FAE04EC0-301F-11D3-BF4B-00C04F79EFBC}") = "3laba", "3laba\3laba.csproj", "{B337B4CE-8BF4-4715-B0A1-906265F33FD3}"
EndProject
Global
	GlobalSection(SolutionConfigurationPlatforms) = preSolution
		Debug|Any CPU = Debug|Any CPU
		Release|Any CPU = Release|Any CPU
	EndGlobalSection
	GlobalSection(ProjectConfigurationPlatforms) = postSolution
		{B337B4CE-8BF4-4715-B0A1-906265F33FD3}.Debug|Any CPU.ActiveCfg = Debug|Any CPU
		{B337B4CE-8BF4-4715-B0A1-906265F33FD3}.Debug|Any CPU.Build.0 = Debug|Any CPU
		{B337B4CE-8BF4-4715-B0A1-906265F33FD3}.Release|Any CPU.ActiveCfg = Release|Any CPU
		{B337B4CE-8BF4-4715-B0A1-906265F33FD3}.Release|Any CPU.Build.0 = Release|Any CPU
	EndGlobalSection
	GlobalSection(SolutionProperties) = preSolution
		HideSolutionNode = FALSE
	EndGlobalSection
	GlobalSection(ExtensibilityGlobals) = postSolution
		SolutionGuid = {99A6CC6E-CCA0-4F45-9B65-31F6BA8BEB71}
	EndGlobalSection
EndGlobal
